
Microsoft Visual Studio Solution File, Format Version 12.00
# Visual Studio Version 16
VisualStudioVersion = 16.0.31205.134
MinimumVisualStudioVersion = 10.0.40219.1
Project("{FAE04EC0-301F-11D3-BF4B-00C04F79EFBC}") = "CalcularVogais", "CalcularVogais\CalcularVogais.csproj", "{66BFEEA4-D172-44EC-AAC8-C1088E26957D}"
EndProject
Global
	GlobalSection(SolutionConfigurationPlatforms) = preSolution
		Debug|Any CPU = Debug|Any CPU
		Release|Any CPU = Release|Any CPU
	EndGlobalSection
	GlobalSection(ProjectConfigurationPlatforms) = postSolution
		{66BFEEA4-D172-44EC-AAC8-C1088E26957D}.Debug|Any CPU.ActiveCfg = Debug|Any CPU
		{66BFEEA4-D172-44EC-AAC8-C1088E26957D}.Debug|Any CPU.Build.0 = Debug|Any CPU
		{66BFEEA4-D172-44EC-AAC8-C1088E26957D}.Release|Any CPU.ActiveCfg = Release|Any CPU
		{66BFEEA4-D172-44EC-AAC8-C1088E26957D}.Release|Any CPU.Build.0 = Release|Any CPU
	EndGlobalSection
	GlobalSection(SolutionProperties) = preSolution
		HideSolutionNode = FALSE
	EndGlobalSection
	GlobalSection(ExtensibilityGlobals) = postSolution
		SolutionGuid = {0897A940-523B-4F00-B46E-9E6DFC1430AF}
	EndGlobalSection
EndGlobal
