
Microsoft Visual Studio Solution File, Format Version 12.00
# Visual Studio Version 16
VisualStudioVersion = 16.0.31205.134
MinimumVisualStudioVersion = 10.0.40219.1
Project("{FAE04EC0-301F-11D3-BF4B-00C04F79EFBC}") = "CalcularFatorial", "CalcularFatorial\CalcularFatorial.csproj", "{C7EC2B0B-6386-474F-ACD6-3FA92630DECF}"
EndProject
Global
	GlobalSection(SolutionConfigurationPlatforms) = preSolution
		Debug|Any CPU = Debug|Any CPU
		Release|Any CPU = Release|Any CPU
	EndGlobalSection
	GlobalSection(ProjectConfigurationPlatforms) = postSolution
		{C7EC2B0B-6386-474F-ACD6-3FA92630DECF}.Debug|Any CPU.ActiveCfg = Debug|Any CPU
		{C7EC2B0B-6386-474F-ACD6-3FA92630DECF}.Debug|Any CPU.Build.0 = Debug|Any CPU
		{C7EC2B0B-6386-474F-ACD6-3FA92630DECF}.Release|Any CPU.ActiveCfg = Release|Any CPU
		{C7EC2B0B-6386-474F-ACD6-3FA92630DECF}.Release|Any CPU.Build.0 = Release|Any CPU
	EndGlobalSection
	GlobalSection(SolutionProperties) = preSolution
		HideSolutionNode = FALSE
	EndGlobalSection
	GlobalSection(ExtensibilityGlobals) = postSolution
		SolutionGuid = {56EFE4C6-08DC-4FD9-A625-0A155EFC705D}
	EndGlobalSection
EndGlobal
