
Microsoft Visual Studio Solution File, Format Version 12.00
# Visual Studio Version 16
VisualStudioVersion = 16.0.31205.134
MinimumVisualStudioVersion = 10.0.40219.1
Project("{FAE04EC0-301F-11D3-BF4B-00C04F79EFBC}") = "CalcularPremio", "CalcularPremio\CalcularPremio.csproj", "{987C60AE-C215-471D-AD38-E7B463BC8B61}"
EndProject
Global
	GlobalSection(SolutionConfigurationPlatforms) = preSolution
		Debug|Any CPU = Debug|Any CPU
		Release|Any CPU = Release|Any CPU
	EndGlobalSection
	GlobalSection(ProjectConfigurationPlatforms) = postSolution
		{987C60AE-C215-471D-AD38-E7B463BC8B61}.Debug|Any CPU.ActiveCfg = Debug|Any CPU
		{987C60AE-C215-471D-AD38-E7B463BC8B61}.Debug|Any CPU.Build.0 = Debug|Any CPU
		{987C60AE-C215-471D-AD38-E7B463BC8B61}.Release|Any CPU.ActiveCfg = Release|Any CPU
		{987C60AE-C215-471D-AD38-E7B463BC8B61}.Release|Any CPU.Build.0 = Release|Any CPU
	EndGlobalSection
	GlobalSection(SolutionProperties) = preSolution
		HideSolutionNode = FALSE
	EndGlobalSection
	GlobalSection(ExtensibilityGlobals) = postSolution
		SolutionGuid = {5E4DCCBC-D9F1-44DD-813F-F3C39E6B11E6}
	EndGlobalSection
EndGlobal
