
Microsoft Visual Studio Solution File, Format Version 12.00
# Visual Studio Version 16
VisualStudioVersion = 16.0.29609.76
MinimumVisualStudioVersion = 10.0.40219.1
Project("{FAE04EC0-301F-11D3-BF4B-00C04F79EFBC}") = "MaquinaBebidas", "MaquinaBebidas\MaquinaBebidas.csproj", "{83BA7AA7-516F-4676-9F86-80603CB0ED2D}"
EndProject
Global
	GlobalSection(SolutionConfigurationPlatforms) = preSolution
		Debug|Any CPU = Debug|Any CPU
		Release|Any CPU = Release|Any CPU
	EndGlobalSection
	GlobalSection(ProjectConfigurationPlatforms) = postSolution
		{83BA7AA7-516F-4676-9F86-80603CB0ED2D}.Debug|Any CPU.ActiveCfg = Debug|Any CPU
		{83BA7AA7-516F-4676-9F86-80603CB0ED2D}.Debug|Any CPU.Build.0 = Debug|Any CPU
		{83BA7AA7-516F-4676-9F86-80603CB0ED2D}.Release|Any CPU.ActiveCfg = Release|Any CPU
		{83BA7AA7-516F-4676-9F86-80603CB0ED2D}.Release|Any CPU.Build.0 = Release|Any CPU
	EndGlobalSection
	GlobalSection(SolutionProperties) = preSolution
		HideSolutionNode = FALSE
	EndGlobalSection
	GlobalSection(ExtensibilityGlobals) = postSolution
		SolutionGuid = {1DB53FD6-99A4-424A-91DD-A6CCADDA3775}
	EndGlobalSection
EndGlobal
